{
    "_readme": [
        "This file locks the dependencies of your project to a known state",
        "Read more about it at https://getcomposer.org/doc/01-basic-usage.md#installing-dependencies",
        "This file is @generated automatically"
    ],
    "content-hash": "cb078ccf3c28d8f98bdc3604d98bea5a",
    "packages": [
        {
            "name": "qcloudsms/qcloudsms_php",
            "version": "v0.1.3",
            "source": {
                "type": "git",
                "url": "https://github.com/qcloudsms/qcloudsms_php.git",
                "reference": "0091f1811ce88826aea4401db38e8e887648c403"
            },
            "dist": {
                "type": "zip",
                "url": "https://api.github.com/repos/qcloudsms/qcloudsms_php/zipball/0091f1811ce88826aea4401db38e8e887648c403",
                "reference": "0091f1811ce88826aea4401db38e8e887648c403",
                "shasum": ""
            },
            "require-dev": {
                "sami/sami": "dev-master"
            },
            "type": "library",
            "autoload": {
                "psr-4": {
                    "Qcloud\\Sms\\": "src/"
                }
            },
            "notification-url": "https://packagist.org/downloads/",
            "license": [
                "MIT"
            ],
            "description": "qcloud sms php sdk",
            "keywords": [
                "php",
                "qcloud",
                "sdk",
                "sms"
            ],
            "time": "2018-06-29T04:24:17+00:00"
        },
        {
            "name": "zoujingli/wechat-php-sdk",
            "version": "v1.3.16",
            "source": {
                "type": "git",
                "url": "https://github.com/zoujingli/wechat-php-sdk.git",
                "reference": "81bea8a9756dbf06b44dea29a1bb7925b8fea01b"
            },
            "dist": {
                "type": "zip",
                "url": "https://api.github.com/repos/zoujingli/wechat-php-sdk/zipball/81bea8a9756dbf06b44dea29a1bb7925b8fea01b",
                "reference": "81bea8a9756dbf06b44dea29a1bb7925b8fea01b",
                "shasum": ""
            },
            "require": {
                "php": ">=5.3.3"
            },
            "type": "project",
            "autoload": {
                "psr-4": {
                    "Wechat\\": "./Wechat"
                }
            },
            "notification-url": "https://packagist.org/downloads/",
            "license": [
                "MIT"
            ],
            "description": "WeChat development of SDK",
            "homepage": "http://www.kancloud.cn/zoujingli/wechat-php-sdk",
            "keywords": [
                "wechat-php-sdk"
            ],
            "time": "2018-07-10T08:48:24+00:00"
        }
    ],
    "packages-dev": [],
    "aliases": [],
    "minimum-stability": "stable",
    "stability-flags": [],
    "prefer-stable": false,
    "prefer-lowest": false,
    "platform": [],
    "platform-dev": []
}
